
Microsoft Visual Studio Solution File, Format Version 12.00
# Visual Studio 15
VisualStudioVersion = 15.0.26730.12
MinimumVisualStudioVersion = 10.0.40219.1
Project("{FAE04EC0-301F-11D3-BF4B-00C04F79EFBC}") = "StoryApp.Android", "StoryApp\StoryApp.Android\StoryApp.Android.csproj", "{8F3EE01A-50B9-4ED9-9E90-471AD9E42DFC}"
EndProject
Project("{FAE04EC0-301F-11D3-BF4B-00C04F79EFBC}") = "StoryApp", "StoryApp\StoryApp\StoryApp.csproj", "{F07E78AD-E116-4659-8560-739865FE8F71}"
EndProject
Project("{FAE04EC0-301F-11D3-BF4B-00C04F79EFBC}") = "StoryApp.UWP", "StoryApp\StoryApp.UWP\StoryApp.UWP.csproj", "{DCE2CDC0-99B5-470C-A7AF-D541C9E85698}"
EndProject
Project("{FAE04EC0-301F-11D3-BF4B-00C04F79EFBC}") = "StoryApp.iOS", "StoryApp\StoryApp.iOS\StoryApp.iOS.csproj", "{C32E3D02-AC5A-44B6-8FCF-E2578D826B30}"
EndProject
Global
	GlobalSection(SolutionConfigurationPlatforms) = preSolution
		Ad-Hoc|Any CPU = Ad-Hoc|Any CPU
		Ad-Hoc|ARM = Ad-Hoc|ARM
		Ad-Hoc|iPhone = Ad-Hoc|iPhone
		Ad-Hoc|iPhoneSimulator = Ad-Hoc|iPhoneSimulator
		Ad-Hoc|x64 = Ad-Hoc|x64
		Ad-Hoc|x86 = Ad-Hoc|x86
		AppStore|Any CPU = AppStore|Any CPU
		AppStore|ARM = AppStore|ARM
		AppStore|iPhone = AppStore|iPhone
		AppStore|iPhoneSimulator = AppStore|iPhoneSimulator
		AppStore|x64 = AppStore|x64
		AppStore|x86 = AppStore|x86
		Debug|Any CPU = Debug|Any CPU
		Debug|ARM = Debug|ARM
		Debug|iPhone = Debug|iPhone
		Debug|iPhoneSimulator = Debug|iPhoneSimulator
		Debug|x64 = Debug|x64
		Debug|x86 = Debug|x86
		Release|Any CPU = Release|Any CPU
		Release|ARM = Release|ARM
		Release|iPhone = Release|iPhone
		Release|iPhoneSimulator = Release|iPhoneSimulator
		Release|x64 = Release|x64
		Release|x86 = Release|x86
	EndGlobalSection
	GlobalSection(ProjectConfigurationPlatforms) = postSolution
		{8F3EE01A-50B9-4ED9-9E90-471AD9E42DFC}.Ad-Hoc|Any CPU.ActiveCfg = Release|Any CPU
		{8F3EE01A-50B9-4ED9-9E90-471AD9E42DFC}.Ad-Hoc|Any CPU.Build.0 = Release|Any CPU
		{8F3EE01A-50B9-4ED9-9E90-471AD9E42DFC}.Ad-Hoc|Any CPU.Deploy.0 = Release|Any CPU
		{8F3EE01A-50B9-4ED9-9E90-471AD9E42DFC}.Ad-Hoc|ARM.ActiveCfg = Release|Any CPU
		{8F3EE01A-50B9-4ED9-9E90-471AD9E42DFC}.Ad-Hoc|ARM.Build.0 = Release|Any CPU
		{8F3EE01A-50B9-4ED9-9E90-471AD9E42DFC}.Ad-Hoc|ARM.Deploy.0 = Release|Any CPU
		{8F3EE01A-50B9-4ED9-9E90-471AD9E42DFC}.Ad-Hoc|iPhone.ActiveCfg = Release|Any CPU
		{8F3EE01A-50B9-4ED9-9E90-471AD9E42DFC}.Ad-Hoc|iPhone.Build.0 = Release|Any CPU
		{8F3EE01A-50B9-4ED9-9E90-471AD9E42DFC}.Ad-Hoc|iPhone.Deploy.0 = Release|Any CPU
		{8F3EE01A-50B9-4ED9-9E90-471AD9E42DFC}.Ad-Hoc|iPhoneSimulator.ActiveCfg = Release|Any CPU
		{8F3EE01A-50B9-4ED9-9E90-471AD9E42DFC}.Ad-Hoc|iPhoneSimulator.Build.0 = Release|Any CPU
		{8F3EE01A-50B9-4ED9-9E90-471AD9E42DFC}.Ad-Hoc|iPhoneSimulator.Deploy.0 = Release|Any CPU
		{8F3EE01A-50B9-4ED9-9E90-471AD9E42DFC}.Ad-Hoc|x64.ActiveCfg = Release|Any CPU
		{8F3EE01A-50B9-4ED9-9E90-471AD9E42DFC}.Ad-Hoc|x64.Build.0 = Release|Any CPU
		{8F3EE01A-50B9-4ED9-9E90-471AD9E42DFC}.Ad-Hoc|x64.Deploy.0 = Release|Any CPU
		{8F3EE01A-50B9-4ED9-9E90-471AD9E42DFC}.Ad-Hoc|x86.ActiveCfg = Release|Any CPU
		{8F3EE01A-50B9-4ED9-9E90-471AD9E42DFC}.Ad-Hoc|x86.Build.0 = Release|Any CPU
		{8F3EE01A-50B9-4ED9-9E90-471AD9E42DFC}.Ad-Hoc|x86.Deploy.0 = Release|Any CPU
		{8F3EE01A-50B9-4ED9-9E90-471AD9E42DFC}.AppStore|Any CPU.ActiveCfg = Release|Any CPU
		{8F3EE01A-50B9-4ED9-9E90-471AD9E42DFC}.AppStore|Any CPU.Build.0 = Release|Any CPU
		{8F3EE01A-50B9-4ED9-9E90-471AD9E42DFC}.AppStore|Any CPU.Deploy.0 = Release|Any CPU
		{8F3EE01A-50B9-4ED9-9E90-471AD9E42DFC}.AppStore|ARM.ActiveCfg = Release|Any CPU
		{8F3EE01A-50B9-4ED9-9E90-471AD9E42DFC}.AppStore|ARM.Build.0 = Release|Any CPU
		{8F3EE01A-50B9-4ED9-9E90-471AD9E42DFC}.AppStore|ARM.Deploy.0 = Release|Any CPU
		{8F3EE01A-50B9-4ED9-9E90-471AD9E42DFC}.AppStore|iPhone.ActiveCfg = Release|Any CPU
		{8F3EE01A-50B9-4ED9-9E90-471AD9E42DFC}.AppStore|iPhone.Build.0 = Release|Any CPU
		{8F3EE01A-50B9-4ED9-9E90-471AD9E42DFC}.AppStore|iPhone.Deploy.0 = Release|Any CPU
		{8F3EE01A-50B9-4ED9-9E90-471AD9E42DFC}.AppStore|iPhoneSimulator.ActiveCfg = Release|Any CPU
		{8F3EE01A-50B9-4ED9-9E90-471AD9E42DFC}.AppStore|iPhoneSimulator.Build.0 = Release|Any CPU
		{8F3EE01A-50B9-4ED9-9E90-471AD9E42DFC}.AppStore|iPhoneSimulator.Deploy.0 = Release|Any CPU
		{8F3EE01A-50B9-4ED9-9E90-471AD9E42DFC}.AppStore|x64.ActiveCfg = Release|Any CPU
		{8F3EE01A-50B9-4ED9-9E90-471AD9E42DFC}.AppStore|x64.Build.0 = Release|Any CPU
		{8F3EE01A-50B9-4ED9-9E90-471AD9E42DFC}.AppStore|x64.Deploy.0 = Release|Any CPU
		{8F3EE01A-50B9-4ED9-9E90-471AD9E42DFC}.AppStore|x86.ActiveCfg = Release|Any CPU
		{8F3EE01A-50B9-4ED9-9E90-471AD9E42DFC}.AppStore|x86.Build.0 = Release|Any CPU
		{8F3EE01A-50B9-4ED9-9E90-471AD9E42DFC}.AppStore|x86.Deploy.0 = Release|Any CPU
		{8F3EE01A-50B9-4ED9-9E90-471AD9E42DFC}.Debug|Any CPU.ActiveCfg = Debug|Any CPU
		{8F3EE01A-50B9-4ED9-9E90-471AD9E42DFC}.Debug|Any CPU.Build.0 = Debug|Any CPU
		{8F3EE01A-50B9-4ED9-9E90-471AD9E42DFC}.Debug|Any CPU.Deploy.0 = Debug|Any CPU
		{8F3EE01A-50B9-4ED9-9E90-471AD9E42DFC}.Debug|ARM.ActiveCfg = Debug|Any CPU
		{8F3EE01A-50B9-4ED9-9E90-471AD9E42DFC}.Debug|ARM.Build.0 = Debug|Any CPU
		{8F3EE01A-50B9-4ED9-9E90-471AD9E42DFC}.Debug|ARM.Deploy.0 = Debug|Any CPU
		{8F3EE01A-50B9-4ED9-9E90-471AD9E42DFC}.Debug|iPhone.ActiveCfg = Debug|Any CPU
		{8F3EE01A-50B9-4ED9-9E90-471AD9E42DFC}.Debug|iPhone.Build.0 = Debug|Any CPU
		{8F3EE01A-50B9-4ED9-9E90-471AD9E42DFC}.Debug|iPhone.Deploy.0 = Debug|Any CPU
		{8F3EE01A-50B9-4ED9-9E90-471AD9E42DFC}.Debug|iPhoneSimulator.ActiveCfg = Debug|Any CPU
		{8F3EE01A-50B9-4ED9-9E90-471AD9E42DFC}.Debug|iPhoneSimulator.Build.0 = Debug|Any CPU
		{8F3EE01A-50B9-4ED9-9E90-471AD9E42DFC}.Debug|iPhoneSimulator.Deploy.0 = Debug|Any CPU
		{8F3EE01A-50B9-4ED9-9E90-471AD9E42DFC}.Debug|x64.ActiveCfg = Debug|Any CPU
		{8F3EE01A-50B9-4ED9-9E90-471AD9E42DFC}.Debug|x64.Build.0 = Debug|Any CPU
		{8F3EE01A-50B9-4ED9-9E90-471AD9E42DFC}.Debug|x64.Deploy.0 = Debug|Any CPU
		{8F3EE01A-50B9-4ED9-9E90-471AD9E42DFC}.Debug|x86.ActiveCfg = Debug|Any CPU
		{8F3EE01A-50B9-4ED9-9E90-471AD9E42DFC}.Debug|x86.Build.0 = Debug|Any CPU
		{8F3EE01A-50B9-4ED9-9E90-471AD9E42DFC}.Debug|x86.Deploy.0 = Debug|Any CPU
		{8F3EE01A-50B9-4ED9-9E90-471AD9E42DFC}.Release|Any CPU.ActiveCfg = Release|Any CPU
		{8F3EE01A-50B9-4ED9-9E90-471AD9E42DFC}.Release|Any CPU.Build.0 = Release|Any CPU
		{8F3EE01A-50B9-4ED9-9E90-471AD9E42DFC}.Release|Any CPU.Deploy.0 = Release|Any CPU
		{8F3EE01A-50B9-4ED9-9E90-471AD9E42DFC}.Release|ARM.ActiveCfg = Release|Any CPU
		{8F3EE01A-50B9-4ED9-9E90-471AD9E42DFC}.Release|ARM.Build.0 = Release|Any CPU
		{8F3EE01A-50B9-4ED9-9E90-471AD9E42DFC}.Release|ARM.Deploy.0 = Release|Any CPU
		{8F3EE01A-50B9-4ED9-9E90-471AD9E42DFC}.Release|iPhone.ActiveCfg = Release|Any CPU
		{8F3EE01A-50B9-4ED9-9E90-471AD9E42DFC}.Release|iPhone.Build.0 = Release|Any CPU
		{8F3EE01A-50B9-4ED9-9E90-471AD9E42DFC}.Release|iPhone.Deploy.0 = Release|Any CPU
		{8F3EE01A-50B9-4ED9-9E90-471AD9E42DFC}.Release|iPhoneSimulator.ActiveCfg = Release|Any CPU
		{8F3EE01A-50B9-4ED9-9E90-471AD9E42DFC}.Release|iPhoneSimulator.Build.0 = Release|Any CPU
		{8F3EE01A-50B9-4ED9-9E90-471AD9E42DFC}.Release|iPhoneSimulator.Deploy.0 = Release|Any CPU
		{8F3EE01A-50B9-4ED9-9E90-471AD9E42DFC}.Release|x64.ActiveCfg = Release|Any CPU
		{8F3EE01A-50B9-4ED9-9E90-471AD9E42DFC}.Release|x64.Build.0 = Release|Any CPU
		{8F3EE01A-50B9-4ED9-9E90-471AD9E42DFC}.Release|x64.Deploy.0 = Release|Any CPU
		{8F3EE01A-50B9-4ED9-9E90-471AD9E42DFC}.Release|x86.ActiveCfg = Release|Any CPU
		{8F3EE01A-50B9-4ED9-9E90-471AD9E42DFC}.Release|x86.Build.0 = Release|Any CPU
		{8F3EE01A-50B9-4ED9-9E90-471AD9E42DFC}.Release|x86.Deploy.0 = Release|Any CPU
		{F07E78AD-E116-4659-8560-739865FE8F71}.Ad-Hoc|Any CPU.ActiveCfg = Release|Any CPU
		{F07E78AD-E116-4659-8560-739865FE8F71}.Ad-Hoc|Any CPU.Build.0 = Release|Any CPU
		{F07E78AD-E116-4659-8560-739865FE8F71}.Ad-Hoc|ARM.ActiveCfg = Release|Any CPU
		{F07E78AD-E116-4659-8560-739865FE8F71}.Ad-Hoc|ARM.Build.0 = Release|Any CPU
		{F07E78AD-E116-4659-8560-739865FE8F71}.Ad-Hoc|iPhone.ActiveCfg = Release|Any CPU
		{F07E78AD-E116-4659-8560-739865FE8F71}.Ad-Hoc|iPhone.Build.0 = Release|Any CPU
		{F07E78AD-E116-4659-8560-739865FE8F71}.Ad-Hoc|iPhoneSimulator.ActiveCfg = Release|Any CPU
		{F07E78AD-E116-4659-8560-739865FE8F71}.Ad-Hoc|iPhoneSimulator.Build.0 = Release|Any CPU
		{F07E78AD-E116-4659-8560-739865FE8F71}.Ad-Hoc|x64.ActiveCfg = Release|Any CPU
		{F07E78AD-E116-4659-8560-739865FE8F71}.Ad-Hoc|x64.Build.0 = Release|Any CPU
		{F07E78AD-E116-4659-8560-739865FE8F71}.Ad-Hoc|x86.ActiveCfg = Release|Any CPU
		{F07E78AD-E116-4659-8560-739865FE8F71}.Ad-Hoc|x86.Build.0 = Release|Any CPU
		{F07E78AD-E116-4659-8560-739865FE8F71}.AppStore|Any CPU.ActiveCfg = Release|Any CPU
		{F07E78AD-E116-4659-8560-739865FE8F71}.AppStore|Any CPU.Build.0 = Release|Any CPU
		{F07E78AD-E116-4659-8560-739865FE8F71}.AppStore|ARM.ActiveCfg = Release|Any CPU
		{F07E78AD-E116-4659-8560-739865FE8F71}.AppStore|ARM.Build.0 = Release|Any CPU
		{F07E78AD-E116-4659-8560-739865FE8F71}.AppStore|iPhone.ActiveCfg = Release|Any CPU
		{F07E78AD-E116-4659-8560-739865FE8F71}.AppStore|iPhone.Build.0 = Release|Any CPU
		{F07E78AD-E116-4659-8560-739865FE8F71}.AppStore|iPhoneSimulator.ActiveCfg = Release|Any CPU
		{F07E78AD-E116-4659-8560-739865FE8F71}.AppStore|iPhoneSimulator.Build.0 = Release|Any CPU
		{F07E78AD-E116-4659-8560-739865FE8F71}.AppStore|x64.ActiveCfg = Release|Any CPU
		{F07E78AD-E116-4659-8560-739865FE8F71}.AppStore|x64.Build.0 = Release|Any CPU
		{F07E78AD-E116-4659-8560-739865FE8F71}.AppStore|x86.ActiveCfg = Release|Any CPU
		{F07E78AD-E116-4659-8560-739865FE8F71}.AppStore|x86.Build.0 = Release|Any CPU
		{F07E78AD-E116-4659-8560-739865FE8F71}.Debug|Any CPU.ActiveCfg = Debug|Any CPU
		{F07E78AD-E116-4659-8560-739865FE8F71}.Debug|Any CPU.Build.0 = Debug|Any CPU
		{F07E78AD-E116-4659-8560-739865FE8F71}.Debug|ARM.ActiveCfg = Debug|Any CPU
		{F07E78AD-E116-4659-8560-739865FE8F71}.Debug|ARM.Build.0 = Debug|Any CPU
		{F07E78AD-E116-4659-8560-739865FE8F71}.Debug|iPhone.ActiveCfg = Debug|Any CPU
		{F07E78AD-E116-4659-8560-739865FE8F71}.Debug|iPhone.Build.0 = Debug|Any CPU
		{F07E78AD-E116-4659-8560-739865FE8F71}.Debug|iPhoneSimulator.ActiveCfg = Debug|Any CPU
		{F07E78AD-E116-4659-8560-739865FE8F71}.Debug|iPhoneSimulator.Build.0 = Debug|Any CPU
		{F07E78AD-E116-4659-8560-739865FE8F71}.Debug|x64.ActiveCfg = Debug|Any CPU
		{F07E78AD-E116-4659-8560-739865FE8F71}.Debug|x64.Build.0 = Debug|Any CPU
		{F07E78AD-E116-4659-8560-739865FE8F71}.Debug|x86.ActiveCfg = Debug|Any CPU
		{F07E78AD-E116-4659-8560-739865FE8F71}.Debug|x86.Build.0 = Debug|Any CPU
		{F07E78AD-E116-4659-8560-739865FE8F71}.Release|Any CPU.ActiveCfg = Release|Any CPU
		{F07E78AD-E116-4659-8560-739865FE8F71}.Release|Any CPU.Build.0 = Release|Any CPU
		{F07E78AD-E116-4659-8560-739865FE8F71}.Release|ARM.ActiveCfg = Release|Any CPU
		{F07E78AD-E116-4659-8560-739865FE8F71}.Release|ARM.Build.0 = Release|Any CPU
		{F07E78AD-E116-4659-8560-739865FE8F71}.Release|iPhone.ActiveCfg = Release|Any CPU
		{F07E78AD-E116-4659-8560-739865FE8F71}.Release|iPhone.Build.0 = Release|Any CPU
		{F07E78AD-E116-4659-8560-739865FE8F71}.Release|iPhoneSimulator.ActiveCfg = Release|Any CPU
		{F07E78AD-E116-4659-8560-739865FE8F71}.Release|iPhoneSimulator.Build.0 = Release|Any CPU
		{F07E78AD-E116-4659-8560-739865FE8F71}.Release|x64.ActiveCfg = Release|Any CPU
		{F07E78AD-E116-4659-8560-739865FE8F71}.Release|x64.Build.0 = Release|Any CPU
		{F07E78AD-E116-4659-8560-739865FE8F71}.Release|x86.ActiveCfg = Release|Any CPU
		{F07E78AD-E116-4659-8560-739865FE8F71}.Release|x86.Build.0 = Release|Any CPU
		{DCE2CDC0-99B5-470C-A7AF-D541C9E85698}.Ad-Hoc|Any CPU.ActiveCfg = Release|x86
		{DCE2CDC0-99B5-470C-A7AF-D541C9E85698}.Ad-Hoc|Any CPU.Build.0 = Release|x86
		{DCE2CDC0-99B5-470C-A7AF-D541C9E85698}.Ad-Hoc|Any CPU.Deploy.0 = Release|x86
		{DCE2CDC0-99B5-470C-A7AF-D541C9E85698}.Ad-Hoc|ARM.ActiveCfg = Release|ARM
		{DCE2CDC0-99B5-470C-A7AF-D541C9E85698}.Ad-Hoc|ARM.Build.0 = Release|ARM
		{DCE2CDC0-99B5-470C-A7AF-D541C9E85698}.Ad-Hoc|ARM.Deploy.0 = Release|ARM
		{DCE2CDC0-99B5-470C-A7AF-D541C9E85698}.Ad-Hoc|iPhone.ActiveCfg = Release|x86
		{DCE2CDC0-99B5-470C-A7AF-D541C9E85698}.Ad-Hoc|iPhone.Build.0 = Release|x86
		{DCE2CDC0-99B5-470C-A7AF-D541C9E85698}.Ad-Hoc|iPhone.Deploy.0 = Release|x86
		{DCE2CDC0-99B5-470C-A7AF-D541C9E85698}.Ad-Hoc|iPhoneSimulator.ActiveCfg = Release|x86
		{DCE2CDC0-99B5-470C-A7AF-D541C9E85698}.Ad-Hoc|iPhoneSimulator.Build.0 = Release|x86
		{DCE2CDC0-99B5-470C-A7AF-D541C9E85698}.Ad-Hoc|iPhoneSimulator.Deploy.0 = Release|x86
		{DCE2CDC0-99B5-470C-A7AF-D541C9E85698}.Ad-Hoc|x64.ActiveCfg = Release|x64
		{DCE2CDC0-99B5-470C-A7AF-D541C9E85698}.Ad-Hoc|x64.Build.0 = Release|x64
		{DCE2CDC0-99B5-470C-A7AF-D541C9E85698}.Ad-Hoc|x64.Deploy.0 = Release|x64
		{DCE2CDC0-99B5-470C-A7AF-D541C9E85698}.Ad-Hoc|x86.ActiveCfg = Release|x86
		{DCE2CDC0-99B5-470C-A7AF-D541C9E85698}.Ad-Hoc|x86.Build.0 = Release|x86
		{DCE2CDC0-99B5-470C-A7AF-D541C9E85698}.Ad-Hoc|x86.Deploy.0 = Release|x86
		{DCE2CDC0-99B5-470C-A7AF-D541C9E85698}.AppStore|Any CPU.ActiveCfg = Release|x86
		{DCE2CDC0-99B5-470C-A7AF-D541C9E85698}.AppStore|Any CPU.Build.0 = Release|x86
		{DCE2CDC0-99B5-470C-A7AF-D541C9E85698}.AppStore|Any CPU.Deploy.0 = Release|x86
		{DCE2CDC0-99B5-470C-A7AF-D541C9E85698}.AppStore|ARM.ActiveCfg = Release|ARM
		{DCE2CDC0-99B5-470C-A7AF-D541C9E85698}.AppStore|ARM.Build.0 = Release|ARM
		{DCE2CDC0-99B5-470C-A7AF-D541C9E85698}.AppStore|ARM.Deploy.0 = Release|ARM
		{DCE2CDC0-99B5-470C-A7AF-D541C9E85698}.AppStore|iPhone.ActiveCfg = Release|x86
		{DCE2CDC0-99B5-470C-A7AF-D541C9E85698}.AppStore|iPhone.Build.0 = Release|x86
		{DCE2CDC0-99B5-470C-A7AF-D541C9E85698}.AppStore|iPhone.Deploy.0 = Release|x86
		{DCE2CDC0-99B5-470C-A7AF-D541C9E85698}.AppStore|iPhoneSimulator.ActiveCfg = Release|x86
		{DCE2CDC0-99B5-470C-A7AF-D541C9E85698}.AppStore|iPhoneSimulator.Build.0 = Release|x86
		{DCE2CDC0-99B5-470C-A7AF-D541C9E85698}.AppStore|iPhoneSimulator.Deploy.0 = Release|x86
		{DCE2CDC0-99B5-470C-A7AF-D541C9E85698}.AppStore|x64.ActiveCfg = Release|x64
		{DCE2CDC0-99B5-470C-A7AF-D541C9E85698}.AppStore|x64.Build.0 = Release|x64
		{DCE2CDC0-99B5-470C-A7AF-D541C9E85698}.AppStore|x64.Deploy.0 = Release|x64
		{DCE2CDC0-99B5-470C-A7AF-D541C9E85698}.AppStore|x86.ActiveCfg = Release|x86
		{DCE2CDC0-99B5-470C-A7AF-D541C9E85698}.AppStore|x86.Build.0 = Release|x86
		{DCE2CDC0-99B5-470C-A7AF-D541C9E85698}.AppStore|x86.Deploy.0 = Release|x86
		{DCE2CDC0-99B5-470C-A7AF-D541C9E85698}.Debug|Any CPU.ActiveCfg = Debug|x86
		{DCE2CDC0-99B5-470C-A7AF-D541C9E85698}.Debug|ARM.ActiveCfg = Debug|ARM
		{DCE2CDC0-99B5-470C-A7AF-D541C9E85698}.Debug|ARM.Build.0 = Debug|ARM
		{DCE2CDC0-99B5-470C-A7AF-D541C9E85698}.Debug|ARM.Deploy.0 = Debug|ARM
		{DCE2CDC0-99B5-470C-A7AF-D541C9E85698}.Debug|iPhone.ActiveCfg = Debug|x86
		{DCE2CDC0-99B5-470C-A7AF-D541C9E85698}.Debug|iPhoneSimulator.ActiveCfg = Debug|x86
		{DCE2CDC0-99B5-470C-A7AF-D541C9E85698}.Debug|x64.ActiveCfg = Debug|x64
		{DCE2CDC0-99B5-470C-A7AF-D541C9E85698}.Debug|x64.Build.0 = Debug|x64
		{DCE2CDC0-99B5-470C-A7AF-D541C9E85698}.Debug|x64.Deploy.0 = Debug|x64
		{DCE2CDC0-99B5-470C-A7AF-D541C9E85698}.Debug|x86.ActiveCfg = Debug|x86
		{DCE2CDC0-99B5-470C-A7AF-D541C9E85698}.Debug|x86.Build.0 = Debug|x86
		{DCE2CDC0-99B5-470C-A7AF-D541C9E85698}.Debug|x86.Deploy.0 = Debug|x86
		{DCE2CDC0-99B5-470C-A7AF-D541C9E85698}.Release|Any CPU.ActiveCfg = Release|x86
		{DCE2CDC0-99B5-470C-A7AF-D541C9E85698}.Release|ARM.ActiveCfg = Release|ARM
		{DCE2CDC0-99B5-470C-A7AF-D541C9E85698}.Release|ARM.Build.0 = Release|ARM
		{DCE2CDC0-99B5-470C-A7AF-D541C9E85698}.Release|ARM.Deploy.0 = Release|ARM
		{DCE2CDC0-99B5-470C-A7AF-D541C9E85698}.Release|iPhone.ActiveCfg = Release|x86
		{DCE2CDC0-99B5-470C-A7AF-D541C9E85698}.Release|iPhoneSimulator.ActiveCfg = Release|x86
		{DCE2CDC0-99B5-470C-A7AF-D541C9E85698}.Release|x64.ActiveCfg = Release|x64
		{DCE2CDC0-99B5-470C-A7AF-D541C9E85698}.Release|x64.Build.0 = Release|x64
		{DCE2CDC0-99B5-470C-A7AF-D541C9E85698}.Release|x64.Deploy.0 = Release|x64
		{DCE2CDC0-99B5-470C-A7AF-D541C9E85698}.Release|x86.ActiveCfg = Release|x86
		{DCE2CDC0-99B5-470C-A7AF-D541C9E85698}.Release|x86.Build.0 = Release|x86
		{DCE2CDC0-99B5-470C-A7AF-D541C9E85698}.Release|x86.Deploy.0 = Release|x86
		{C32E3D02-AC5A-44B6-8FCF-E2578D826B30}.Ad-Hoc|Any CPU.ActiveCfg = Ad-Hoc|iPhone
		{C32E3D02-AC5A-44B6-8FCF-E2578D826B30}.Ad-Hoc|ARM.ActiveCfg = Ad-Hoc|iPhone
		{C32E3D02-AC5A-44B6-8FCF-E2578D826B30}.Ad-Hoc|iPhone.ActiveCfg = Ad-Hoc|iPhone
		{C32E3D02-AC5A-44B6-8FCF-E2578D826B30}.Ad-Hoc|iPhone.Build.0 = Ad-Hoc|iPhone
		{C32E3D02-AC5A-44B6-8FCF-E2578D826B30}.Ad-Hoc|iPhoneSimulator.ActiveCfg = Ad-Hoc|iPhoneSimulator
		{C32E3D02-AC5A-44B6-8FCF-E2578D826B30}.Ad-Hoc|iPhoneSimulator.Build.0 = Ad-Hoc|iPhoneSimulator
		{C32E3D02-AC5A-44B6-8FCF-E2578D826B30}.Ad-Hoc|x64.ActiveCfg = Ad-Hoc|iPhone
		{C32E3D02-AC5A-44B6-8FCF-E2578D826B30}.Ad-Hoc|x86.ActiveCfg = Ad-Hoc|iPhone
		{C32E3D02-AC5A-44B6-8FCF-E2578D826B30}.AppStore|Any CPU.ActiveCfg = AppStore|iPhone
		{C32E3D02-AC5A-44B6-8FCF-E2578D826B30}.AppStore|ARM.ActiveCfg = AppStore|iPhone
		{C32E3D02-AC5A-44B6-8FCF-E2578D826B30}.AppStore|iPhone.ActiveCfg = AppStore|iPhone
		{C32E3D02-AC5A-44B6-8FCF-E2578D826B30}.AppStore|iPhone.Build.0 = AppStore|iPhone
		{C32E3D02-AC5A-44B6-8FCF-E2578D826B30}.AppStore|iPhoneSimulator.ActiveCfg = AppStore|iPhoneSimulator
		{C32E3D02-AC5A-44B6-8FCF-E2578D826B30}.AppStore|iPhoneSimulator.Build.0 = AppStore|iPhoneSimulator
		{C32E3D02-AC5A-44B6-8FCF-E2578D826B30}.AppStore|x64.ActiveCfg = AppStore|iPhone
		{C32E3D02-AC5A-44B6-8FCF-E2578D826B30}.AppStore|x86.ActiveCfg = AppStore|iPhone
		{C32E3D02-AC5A-44B6-8FCF-E2578D826B30}.Debug|Any CPU.ActiveCfg = Debug|iPhone
		{C32E3D02-AC5A-44B6-8FCF-E2578D826B30}.Debug|ARM.ActiveCfg = Debug|iPhone
		{C32E3D02-AC5A-44B6-8FCF-E2578D826B30}.Debug|iPhone.ActiveCfg = Debug|iPhone
		{C32E3D02-AC5A-44B6-8FCF-E2578D826B30}.Debug|iPhone.Build.0 = Debug|iPhone
		{C32E3D02-AC5A-44B6-8FCF-E2578D826B30}.Debug|iPhoneSimulator.ActiveCfg = Debug|iPhoneSimulator
		{C32E3D02-AC5A-44B6-8FCF-E2578D826B30}.Debug|iPhoneSimulator.Build.0 = Debug|iPhoneSimulator
		{C32E3D02-AC5A-44B6-8FCF-E2578D826B30}.Debug|x64.ActiveCfg = Debug|iPhone
		{C32E3D02-AC5A-44B6-8FCF-E2578D826B30}.Debug|x86.ActiveCfg = Debug|iPhone
		{C32E3D02-AC5A-44B6-8FCF-E2578D826B30}.Release|Any CPU.ActiveCfg = Release|iPhone
		{C32E3D02-AC5A-44B6-8FCF-E2578D826B30}.Release|ARM.ActiveCfg = Release|iPhone
		{C32E3D02-AC5A-44B6-8FCF-E2578D826B30}.Release|iPhone.ActiveCfg = Release|iPhone
		{C32E3D02-AC5A-44B6-8FCF-E2578D826B30}.Release|iPhone.Build.0 = Release|iPhone
		{C32E3D02-AC5A-44B6-8FCF-E2578D826B30}.Release|iPhoneSimulator.ActiveCfg = Release|iPhoneSimulator
		{C32E3D02-AC5A-44B6-8FCF-E2578D826B30}.Release|iPhoneSimulator.Build.0 = Release|iPhoneSimulator
		{C32E3D02-AC5A-44B6-8FCF-E2578D826B30}.Release|x64.ActiveCfg = Release|iPhone
		{C32E3D02-AC5A-44B6-8FCF-E2578D826B30}.Release|x86.ActiveCfg = Release|iPhone
	EndGlobalSection
	GlobalSection(SolutionProperties) = preSolution
		HideSolutionNode = FALSE
	EndGlobalSection
	GlobalSection(ExtensibilityGlobals) = postSolution
		SolutionGuid = {5BA07AEC-BA6D-486D-AA46-A3B0DA1FA0FC}
	EndGlobalSection
EndGlobal
